
Microsoft Visual Studio Solution File, Format Version 12.00
# Visual Studio 15
VisualStudioVersion = 15.0.28307.1340
MinimumVisualStudioVersion = 10.0.40219.1
Project("{FAE04EC0-301F-11D3-BF4B-00C04F79EFBC}") = "BasicMath", "BasicMath\BasicMath.csproj", "{1701CDDD-FDEF-4589-BB47-F005F759D804}"
EndProject
Project("{FAE04EC0-301F-11D3-BF4B-00C04F79EFBC}") = "BasicMathTest", "BasicMathTest\BasicMathTest.csproj", "{2092C243-CD9E-4262-8AF9-E37C12DAB53C}"
EndProject
Global
	GlobalSection(SolutionConfigurationPlatforms) = preSolution
		Debug|Any CPU = Debug|Any CPU
		Release|Any CPU = Release|Any CPU
	EndGlobalSection
	GlobalSection(ProjectConfigurationPlatforms) = postSolution
		{1701CDDD-FDEF-4589-BB47-F005F759D804}.Debug|Any CPU.ActiveCfg = Debug|Any CPU
		{1701CDDD-FDEF-4589-BB47-F005F759D804}.Debug|Any CPU.Build.0 = Debug|Any CPU
		{1701CDDD-FDEF-4589-BB47-F005F759D804}.Release|Any CPU.ActiveCfg = Release|Any CPU
		{1701CDDD-FDEF-4589-BB47-F005F759D804}.Release|Any CPU.Build.0 = Release|Any CPU
		{2092C243-CD9E-4262-8AF9-E37C12DAB53C}.Debug|Any CPU.ActiveCfg = Debug|Any CPU
		{2092C243-CD9E-4262-8AF9-E37C12DAB53C}.Debug|Any CPU.Build.0 = Debug|Any CPU
		{2092C243-CD9E-4262-8AF9-E37C12DAB53C}.Release|Any CPU.ActiveCfg = Release|Any CPU
		{2092C243-CD9E-4262-8AF9-E37C12DAB53C}.Release|Any CPU.Build.0 = Release|Any CPU
	EndGlobalSection
	GlobalSection(SolutionProperties) = preSolution
		HideSolutionNode = FALSE
	EndGlobalSection
	GlobalSection(ExtensibilityGlobals) = postSolution
		SolutionGuid = {0697742D-C51D-4B5F-B4BF-D38E2F02DD52}
	EndGlobalSection
EndGlobal
